
Microsoft Visual Studio Solution File, Format Version 12.00
# Visual Studio Version 17
VisualStudioVersion = 17.5.002.0
MinimumVisualStudioVersion = 10.0.40219.1
Project("{9A19103F-16F7-4668-BE54-9A1E7A4F7556}") = "Introduction-to-dotnet", "Introduction-to-dotnet.csproj", "{8613050F-E38A-436C-A478-6241FF8A74C3}"
EndProject
Global
	GlobalSection(SolutionConfigurationPlatforms) = preSolution
		Debug|Any CPU = Debug|Any CPU
		Release|Any CPU = Release|Any CPU
	EndGlobalSection
	GlobalSection(ProjectConfigurationPlatforms) = postSolution
		{8613050F-E38A-436C-A478-6241FF8A74C3}.Debug|Any CPU.ActiveCfg = Debug|Any CPU
		{8613050F-E38A-436C-A478-6241FF8A74C3}.Debug|Any CPU.Build.0 = Debug|Any CPU
		{8613050F-E38A-436C-A478-6241FF8A74C3}.Release|Any CPU.ActiveCfg = Release|Any CPU
		{8613050F-E38A-436C-A478-6241FF8A74C3}.Release|Any CPU.Build.0 = Release|Any CPU
	EndGlobalSection
	GlobalSection(SolutionProperties) = preSolution
		HideSolutionNode = FALSE
	EndGlobalSection
	GlobalSection(ExtensibilityGlobals) = postSolution
		SolutionGuid = {2A666874-DF27-4753-9C42-82F535988A1D}
	EndGlobalSection
EndGlobal
